
Microsoft Visual Studio Solution File, Format Version 12.00
# Visual Studio Version 16
VisualStudioVersion = 16.0.29709.97
MinimumVisualStudioVersion = 10.0.40219.1
Project("{9A19103F-16F7-4668-BE54-9A1E7A4F7556}") = "WebApp", "WebApp\WebApp.csproj", "{271452E0-EB86-4DF7-B3FD-E14494AD850F}"
EndProject
Project("{9A19103F-16F7-4668-BE54-9A1E7A4F7556}") = "WebAppAPI", "WebAppAPI\WebAppAPI.csproj", "{F2B7AA56-A8E4-4E15-BD62-AC34B428A680}"
EndProject
Project("{9A19103F-16F7-4668-BE54-9A1E7A4F7556}") = "WebBackstage", "WebBackstage\WebBackstage.csproj", "{C6E04C7D-B6D9-4635-8883-8D7F45EC3336}"
EndProject
Project("{FAE04EC0-301F-11D3-BF4B-00C04F79EFBC}") = "WebBackstageAPI", "WebBackstageAPI\WebBackstageAPI.csproj", "{3F98F474-389E-48A8-A101-C79743F7518C}"
EndProject
Global
	GlobalSection(SolutionConfigurationPlatforms) = preSolution
		Debug|Any CPU = Debug|Any CPU
		Release|Any CPU = Release|Any CPU
	EndGlobalSection
	GlobalSection(ProjectConfigurationPlatforms) = postSolution
		{271452E0-EB86-4DF7-B3FD-E14494AD850F}.Debug|Any CPU.ActiveCfg = Debug|Any CPU
		{271452E0-EB86-4DF7-B3FD-E14494AD850F}.Debug|Any CPU.Build.0 = Debug|Any CPU
		{271452E0-EB86-4DF7-B3FD-E14494AD850F}.Release|Any CPU.ActiveCfg = Release|Any CPU
		{271452E0-EB86-4DF7-B3FD-E14494AD850F}.Release|Any CPU.Build.0 = Release|Any CPU
		{F2B7AA56-A8E4-4E15-BD62-AC34B428A680}.Debug|Any CPU.ActiveCfg = Debug|Any CPU
		{F2B7AA56-A8E4-4E15-BD62-AC34B428A680}.Debug|Any CPU.Build.0 = Debug|Any CPU
		{F2B7AA56-A8E4-4E15-BD62-AC34B428A680}.Release|Any CPU.ActiveCfg = Release|Any CPU
		{F2B7AA56-A8E4-4E15-BD62-AC34B428A680}.Release|Any CPU.Build.0 = Release|Any CPU
		{C6E04C7D-B6D9-4635-8883-8D7F45EC3336}.Debug|Any CPU.ActiveCfg = Debug|Any CPU
		{C6E04C7D-B6D9-4635-8883-8D7F45EC3336}.Debug|Any CPU.Build.0 = Debug|Any CPU
		{C6E04C7D-B6D9-4635-8883-8D7F45EC3336}.Release|Any CPU.ActiveCfg = Release|Any CPU
		{C6E04C7D-B6D9-4635-8883-8D7F45EC3336}.Release|Any CPU.Build.0 = Release|Any CPU
		{3F98F474-389E-48A8-A101-C79743F7518C}.Debug|Any CPU.ActiveCfg = Debug|Any CPU
		{3F98F474-389E-48A8-A101-C79743F7518C}.Debug|Any CPU.Build.0 = Debug|Any CPU
		{3F98F474-389E-48A8-A101-C79743F7518C}.Release|Any CPU.ActiveCfg = Release|Any CPU
		{3F98F474-389E-48A8-A101-C79743F7518C}.Release|Any CPU.Build.0 = Release|Any CPU
	EndGlobalSection
	GlobalSection(SolutionProperties) = preSolution
		HideSolutionNode = FALSE
	EndGlobalSection
	GlobalSection(ExtensibilityGlobals) = postSolution
		SolutionGuid = {454F9C64-A2AD-4272-9BEC-C3C9800229E8}
	EndGlobalSection
EndGlobal
